
Microsoft Visual Studio Solution File, Format Version 12.00
# Visual Studio Version 17
VisualStudioVersion = 17.14.36518.9
MinimumVisualStudioVersion = 10.0.40219.1
Project("{888888A0-9F3D-457C-B088-3A5042F75D52}") = "ТГбот", "эксель\ТГбот.pyproj", "{96287BF6-8821-48B0-8A4E-69B130806561}"
EndProject
Global
	GlobalSection(SolutionConfigurationPlatforms) = preSolution
		Debug|Any CPU = Debug|Any CPU
		Release|Any CPU = Release|Any CPU
	EndGlobalSection
	GlobalSection(ProjectConfigurationPlatforms) = postSolution
		{96287BF6-8821-48B0-8A4E-69B130806561}.Debug|Any CPU.ActiveCfg = Debug|Any CPU
		{96287BF6-8821-48B0-8A4E-69B130806561}.Release|Any CPU.ActiveCfg = Release|Any CPU
	EndGlobalSection
	GlobalSection(SolutionProperties) = preSolution
		HideSolutionNode = FALSE
	EndGlobalSection
	GlobalSection(ExtensibilityGlobals) = postSolution
		SolutionGuid = {57D5FEF0-9641-4499-8561-1DBBDC88F814}
	EndGlobalSection
EndGlobal
